
Microsoft Visual Studio Solution File, Format Version 12.00
# Visual Studio 14
VisualStudioVersion = 14.0.25123.0
MinimumVisualStudioVersion = 10.0.40219.1
Project("{8BC9CEB8-8B4A-11D0-8D11-00A0C91BC942}") = "simple", "samples\simple\simple_2015.vcxproj", "{AC8B99A3-6DEA-48B0-A6A6-31A982FAAD0A}"
	ProjectSection(ProjectDependencies) = postProject
		{71C46EAF-48C9-47BA-9532-27B51744548D} = {71C46EAF-48C9-47BA-9532-27B51744548D}
	EndProjectSection
EndProject
Project("{2150E333-8FDC-42A3-9474-1A3956D46DE8}") = "plugins", "plugins", "{6A2D3D2B-7739-4E17-B81E-BEBEDADE43A4}"
EndProject
Project("{8BC9CEB8-8B4A-11D0-8D11-00A0C91BC942}") = "Vic H.261 Video Codec", "plugins\video\H.261-vic\h261vic_2015.vcxproj", "{4A1B92CB-CA8E-4511-A1D5-B0A322FDE67C}"
EndProject
Project("{8BC9CEB8-8B4A-11D0-8D11-00A0C91BC942}") = "h323plus Common", "build\common\h323plus_common_2015.vcxitems", "{FC24CEC0-ACAD-4575-99CB-0E27E30FDCB5}"
EndProject
Project("{8BC9CEB8-8B4A-11D0-8D11-00A0C91BC942}") = "h323plus Windows", "build\windows\h323plus_2015.vcxproj", "{71C46EAF-48C9-47BA-9532-27B51744548D}"
EndProject
Project("{8BC9CEB8-8B4A-11D0-8D11-00A0C91BC942}") = "h323plus Android", "build\android\h323plus_android_2015.vcxproj", "{DDF28AA0-7CCB-47E7-A1E7-61DD4E5BDC3C}"
EndProject
Project("{8BC9CEB8-8B4A-11D0-8D11-00A0C91BC942}") = "PTLib Static", "..\ptlib\src\ptlib\msos\Console_2015.vcxproj", "{D11E1C9D-406C-4D7C-8F37-913C0BFD9E0D}"
EndProject
Project("{8BC9CEB8-8B4A-11D0-8D11-00A0C91BC942}") = "G.722.1 Audio Codec", "plugins\audio\G.722.1\G.722.1_2015.vcxproj", "{3C127609-B3A6-47FD-9B94-8FD2CB2D6623}"
EndProject
Project("{2150E333-8FDC-42A3-9474-1A3956D46DE8}") = "Audio", "Audio", "{EB1B2CBE-3C10-4E07-A651-FC1C18568AD3}"
EndProject
Project("{2150E333-8FDC-42A3-9474-1A3956D46DE8}") = "Video", "Video", "{CED9EFE1-FB3B-40A5-8625-F975D9430094}"
EndProject
Project("{8BC9CEB8-8B4A-11D0-8D11-00A0C91BC942}") = "h264-x264", "plugins\video\H.264\h264-x264_2015.vcxproj", "{4D3EE295-5953-498D-AEDF-9C8792AB5723}"
EndProject
Global
	GlobalSection(SharedMSBuildProjectFiles) = preSolution
		build\common\h323plus_common_2015.vcxitems*{ddf28aa0-7ccb-47e7-a1e7-61dd4e5bdc3c}*SharedItemsImports = 4
		build\common\h323plus_common_2015.vcxitems*{71c46eaf-48c9-47ba-9532-27b51744548d}*SharedItemsImports = 4
		build\common\h323plus_common_2015.vcxitems*{fc24cec0-acad-4575-99cb-0e27e30fdcb5}*SharedItemsImports = 9
	EndGlobalSection
	GlobalSection(SolutionConfigurationPlatforms) = preSolution
		Debug|ARM = Debug|ARM
		Debug|ARM64 = Debug|ARM64
		Debug|Win32 = Debug|Win32
		Debug|x64 = Debug|x64
		No Trace|ARM = No Trace|ARM
		No Trace|ARM64 = No Trace|ARM64
		No Trace|Win32 = No Trace|Win32
		No Trace|x64 = No Trace|x64
		Release|ARM = Release|ARM
		Release|ARM64 = Release|ARM64
		Release|Win32 = Release|Win32
		Release|x64 = Release|x64
	EndGlobalSection
	GlobalSection(ProjectConfigurationPlatforms) = postSolution
		{AC8B99A3-6DEA-48B0-A6A6-31A982FAAD0A}.Debug|ARM.ActiveCfg = Debug|Win32
		{AC8B99A3-6DEA-48B0-A6A6-31A982FAAD0A}.Debug|ARM64.ActiveCfg = Debug|Win32
		{AC8B99A3-6DEA-48B0-A6A6-31A982FAAD0A}.Debug|Win32.ActiveCfg = Debug|Win32
		{AC8B99A3-6DEA-48B0-A6A6-31A982FAAD0A}.Debug|Win32.Build.0 = Debug|Win32
		{AC8B99A3-6DEA-48B0-A6A6-31A982FAAD0A}.Debug|x64.ActiveCfg = Debug|x64
		{AC8B99A3-6DEA-48B0-A6A6-31A982FAAD0A}.Debug|x64.Build.0 = Debug|x64
		{AC8B99A3-6DEA-48B0-A6A6-31A982FAAD0A}.Debug|x64.Deploy.0 = Debug|x64
		{AC8B99A3-6DEA-48B0-A6A6-31A982FAAD0A}.No Trace|ARM.ActiveCfg = No Trace|Win32
		{AC8B99A3-6DEA-48B0-A6A6-31A982FAAD0A}.No Trace|ARM64.ActiveCfg = No Trace|Win32
		{AC8B99A3-6DEA-48B0-A6A6-31A982FAAD0A}.No Trace|Win32.ActiveCfg = No Trace|Win32
		{AC8B99A3-6DEA-48B0-A6A6-31A982FAAD0A}.No Trace|Win32.Build.0 = No Trace|Win32
		{AC8B99A3-6DEA-48B0-A6A6-31A982FAAD0A}.No Trace|x64.ActiveCfg = No Trace|Win32
		{AC8B99A3-6DEA-48B0-A6A6-31A982FAAD0A}.Release|ARM.ActiveCfg = Release|Win32
		{AC8B99A3-6DEA-48B0-A6A6-31A982FAAD0A}.Release|ARM64.ActiveCfg = Release|Win32
		{AC8B99A3-6DEA-48B0-A6A6-31A982FAAD0A}.Release|Win32.ActiveCfg = Release|Win32
		{AC8B99A3-6DEA-48B0-A6A6-31A982FAAD0A}.Release|Win32.Build.0 = Release|Win32
		{AC8B99A3-6DEA-48B0-A6A6-31A982FAAD0A}.Release|x64.ActiveCfg = Release|Win32
		{4A1B92CB-CA8E-4511-A1D5-B0A322FDE67C}.Debug|ARM.ActiveCfg = Debug|Win32
		{4A1B92CB-CA8E-4511-A1D5-B0A322FDE67C}.Debug|ARM64.ActiveCfg = Debug|Win32
		{4A1B92CB-CA8E-4511-A1D5-B0A322FDE67C}.Debug|Win32.ActiveCfg = Debug|Win32
		{4A1B92CB-CA8E-4511-A1D5-B0A322FDE67C}.Debug|x64.ActiveCfg = Debug|x64
		{4A1B92CB-CA8E-4511-A1D5-B0A322FDE67C}.No Trace|ARM.ActiveCfg = Release|x64
		{4A1B92CB-CA8E-4511-A1D5-B0A322FDE67C}.No Trace|ARM.Build.0 = Release|x64
		{4A1B92CB-CA8E-4511-A1D5-B0A322FDE67C}.No Trace|ARM64.ActiveCfg = Release|x64
		{4A1B92CB-CA8E-4511-A1D5-B0A322FDE67C}.No Trace|ARM64.Build.0 = Release|x64
		{4A1B92CB-CA8E-4511-A1D5-B0A322FDE67C}.No Trace|Win32.ActiveCfg = Release|Win32
		{4A1B92CB-CA8E-4511-A1D5-B0A322FDE67C}.No Trace|Win32.Build.0 = Release|Win32
		{4A1B92CB-CA8E-4511-A1D5-B0A322FDE67C}.No Trace|x64.ActiveCfg = Release|Win32
		{4A1B92CB-CA8E-4511-A1D5-B0A322FDE67C}.Release|ARM.ActiveCfg = Release|Win32
		{4A1B92CB-CA8E-4511-A1D5-B0A322FDE67C}.Release|ARM64.ActiveCfg = Release|Win32
		{4A1B92CB-CA8E-4511-A1D5-B0A322FDE67C}.Release|Win32.ActiveCfg = Release|Win32
		{4A1B92CB-CA8E-4511-A1D5-B0A322FDE67C}.Release|Win32.Build.0 = Release|Win32
		{4A1B92CB-CA8E-4511-A1D5-B0A322FDE67C}.Release|x64.ActiveCfg = Release|Win32
		{71C46EAF-48C9-47BA-9532-27B51744548D}.Debug|ARM.ActiveCfg = Debug|Win32
		{71C46EAF-48C9-47BA-9532-27B51744548D}.Debug|ARM64.ActiveCfg = Debug|Win32
		{71C46EAF-48C9-47BA-9532-27B51744548D}.Debug|Win32.ActiveCfg = Debug|Win32
		{71C46EAF-48C9-47BA-9532-27B51744548D}.Debug|Win32.Build.0 = Debug|Win32
		{71C46EAF-48C9-47BA-9532-27B51744548D}.Debug|x64.ActiveCfg = Debug|x64
		{71C46EAF-48C9-47BA-9532-27B51744548D}.Debug|x64.Build.0 = Debug|x64
		{71C46EAF-48C9-47BA-9532-27B51744548D}.No Trace|ARM.ActiveCfg = No Trace|Win32
		{71C46EAF-48C9-47BA-9532-27B51744548D}.No Trace|ARM64.ActiveCfg = No Trace|Win32
		{71C46EAF-48C9-47BA-9532-27B51744548D}.No Trace|Win32.ActiveCfg = No Trace|Win32
		{71C46EAF-48C9-47BA-9532-27B51744548D}.No Trace|Win32.Build.0 = No Trace|Win32
		{71C46EAF-48C9-47BA-9532-27B51744548D}.No Trace|x64.ActiveCfg = No Trace|x64
		{71C46EAF-48C9-47BA-9532-27B51744548D}.No Trace|x64.Build.0 = No Trace|x64
		{71C46EAF-48C9-47BA-9532-27B51744548D}.Release|ARM.ActiveCfg = Release|Win32
		{71C46EAF-48C9-47BA-9532-27B51744548D}.Release|ARM64.ActiveCfg = Release|Win32
		{71C46EAF-48C9-47BA-9532-27B51744548D}.Release|Win32.ActiveCfg = Release|Win32
		{71C46EAF-48C9-47BA-9532-27B51744548D}.Release|Win32.Build.0 = Release|Win32
		{71C46EAF-48C9-47BA-9532-27B51744548D}.Release|x64.ActiveCfg = Release|x64
		{71C46EAF-48C9-47BA-9532-27B51744548D}.Release|x64.Build.0 = Release|x64
		{DDF28AA0-7CCB-47E7-A1E7-61DD4E5BDC3C}.Debug|ARM.ActiveCfg = Debug|ARM
		{DDF28AA0-7CCB-47E7-A1E7-61DD4E5BDC3C}.Debug|ARM.Build.0 = Debug|ARM
		{DDF28AA0-7CCB-47E7-A1E7-61DD4E5BDC3C}.Debug|ARM64.ActiveCfg = Debug|ARM64
		{DDF28AA0-7CCB-47E7-A1E7-61DD4E5BDC3C}.Debug|ARM64.Build.0 = Debug|ARM64
		{DDF28AA0-7CCB-47E7-A1E7-61DD4E5BDC3C}.Debug|Win32.ActiveCfg = Debug|x86
		{DDF28AA0-7CCB-47E7-A1E7-61DD4E5BDC3C}.Debug|x64.ActiveCfg = Debug|x64
		{DDF28AA0-7CCB-47E7-A1E7-61DD4E5BDC3C}.Debug|x64.Build.0 = Debug|x64
		{DDF28AA0-7CCB-47E7-A1E7-61DD4E5BDC3C}.No Trace|ARM.ActiveCfg = Release|ARM
		{DDF28AA0-7CCB-47E7-A1E7-61DD4E5BDC3C}.No Trace|ARM.Build.0 = Release|ARM
		{DDF28AA0-7CCB-47E7-A1E7-61DD4E5BDC3C}.No Trace|ARM64.ActiveCfg = Release|ARM64
		{DDF28AA0-7CCB-47E7-A1E7-61DD4E5BDC3C}.No Trace|ARM64.Build.0 = Release|ARM64
		{DDF28AA0-7CCB-47E7-A1E7-61DD4E5BDC3C}.No Trace|Win32.ActiveCfg = Release|x86
		{DDF28AA0-7CCB-47E7-A1E7-61DD4E5BDC3C}.No Trace|Win32.Build.0 = Release|x86
		{DDF28AA0-7CCB-47E7-A1E7-61DD4E5BDC3C}.No Trace|x64.ActiveCfg = Release|x64
		{DDF28AA0-7CCB-47E7-A1E7-61DD4E5BDC3C}.No Trace|x64.Build.0 = Release|x64
		{DDF28AA0-7CCB-47E7-A1E7-61DD4E5BDC3C}.Release|ARM.ActiveCfg = Release|ARM
		{DDF28AA0-7CCB-47E7-A1E7-61DD4E5BDC3C}.Release|ARM.Build.0 = Release|ARM
		{DDF28AA0-7CCB-47E7-A1E7-61DD4E5BDC3C}.Release|ARM64.ActiveCfg = Release|ARM64
		{DDF28AA0-7CCB-47E7-A1E7-61DD4E5BDC3C}.Release|ARM64.Build.0 = Release|ARM64
		{DDF28AA0-7CCB-47E7-A1E7-61DD4E5BDC3C}.Release|Win32.ActiveCfg = Release|x86
		{DDF28AA0-7CCB-47E7-A1E7-61DD4E5BDC3C}.Release|Win32.Build.0 = Release|x86
		{DDF28AA0-7CCB-47E7-A1E7-61DD4E5BDC3C}.Release|x64.ActiveCfg = Release|x64
		{DDF28AA0-7CCB-47E7-A1E7-61DD4E5BDC3C}.Release|x64.Build.0 = Release|x64
		{D11E1C9D-406C-4D7C-8F37-913C0BFD9E0D}.Debug|ARM.ActiveCfg = Debug|Win32
		{D11E1C9D-406C-4D7C-8F37-913C0BFD9E0D}.Debug|ARM64.ActiveCfg = Debug|Win32
		{D11E1C9D-406C-4D7C-8F37-913C0BFD9E0D}.Debug|Win32.ActiveCfg = Debug|Win32
		{D11E1C9D-406C-4D7C-8F37-913C0BFD9E0D}.Debug|Win32.Build.0 = Debug|Win32
		{D11E1C9D-406C-4D7C-8F37-913C0BFD9E0D}.Debug|x64.ActiveCfg = Debug|Win32
		{D11E1C9D-406C-4D7C-8F37-913C0BFD9E0D}.No Trace|ARM.ActiveCfg = No Trace|Win32
		{D11E1C9D-406C-4D7C-8F37-913C0BFD9E0D}.No Trace|ARM64.ActiveCfg = No Trace|Win32
		{D11E1C9D-406C-4D7C-8F37-913C0BFD9E0D}.No Trace|Win32.ActiveCfg = No Trace|Win32
		{D11E1C9D-406C-4D7C-8F37-913C0BFD9E0D}.No Trace|Win32.Build.0 = No Trace|Win32
		{D11E1C9D-406C-4D7C-8F37-913C0BFD9E0D}.No Trace|x64.ActiveCfg = No Trace|Win32
		{D11E1C9D-406C-4D7C-8F37-913C0BFD9E0D}.Release|ARM.ActiveCfg = Release|Win32
		{D11E1C9D-406C-4D7C-8F37-913C0BFD9E0D}.Release|ARM64.ActiveCfg = Release|Win32
		{D11E1C9D-406C-4D7C-8F37-913C0BFD9E0D}.Release|Win32.ActiveCfg = Release|Win32
		{D11E1C9D-406C-4D7C-8F37-913C0BFD9E0D}.Release|Win32.Build.0 = Release|Win32
		{D11E1C9D-406C-4D7C-8F37-913C0BFD9E0D}.Release|x64.ActiveCfg = Release|Win32
		{3C127609-B3A6-47FD-9B94-8FD2CB2D6623}.Debug|ARM.ActiveCfg = Debug|Win32
		{3C127609-B3A6-47FD-9B94-8FD2CB2D6623}.Debug|ARM64.ActiveCfg = Debug|Win32
		{3C127609-B3A6-47FD-9B94-8FD2CB2D6623}.Debug|Win32.ActiveCfg = Debug|Win32
		{3C127609-B3A6-47FD-9B94-8FD2CB2D6623}.Debug|Win32.Build.0 = Debug|Win32
		{3C127609-B3A6-47FD-9B94-8FD2CB2D6623}.Debug|x64.ActiveCfg = Debug|Win32
		{3C127609-B3A6-47FD-9B94-8FD2CB2D6623}.No Trace|ARM.ActiveCfg = Release|Win32
		{3C127609-B3A6-47FD-9B94-8FD2CB2D6623}.No Trace|ARM.Build.0 = Release|Win32
		{3C127609-B3A6-47FD-9B94-8FD2CB2D6623}.No Trace|ARM64.ActiveCfg = Release|Win32
		{3C127609-B3A6-47FD-9B94-8FD2CB2D6623}.No Trace|ARM64.Build.0 = Release|Win32
		{3C127609-B3A6-47FD-9B94-8FD2CB2D6623}.No Trace|Win32.ActiveCfg = Release|Win32
		{3C127609-B3A6-47FD-9B94-8FD2CB2D6623}.No Trace|Win32.Build.0 = Release|Win32
		{3C127609-B3A6-47FD-9B94-8FD2CB2D6623}.No Trace|x64.ActiveCfg = Release|Win32
		{3C127609-B3A6-47FD-9B94-8FD2CB2D6623}.No Trace|x64.Build.0 = Release|Win32
		{3C127609-B3A6-47FD-9B94-8FD2CB2D6623}.Release|ARM.ActiveCfg = Release|Win32
		{3C127609-B3A6-47FD-9B94-8FD2CB2D6623}.Release|ARM64.ActiveCfg = Release|Win32
		{3C127609-B3A6-47FD-9B94-8FD2CB2D6623}.Release|Win32.ActiveCfg = Release|Win32
		{3C127609-B3A6-47FD-9B94-8FD2CB2D6623}.Release|Win32.Build.0 = Release|Win32
		{3C127609-B3A6-47FD-9B94-8FD2CB2D6623}.Release|x64.ActiveCfg = Release|Win32
		{4D3EE295-5953-498D-AEDF-9C8792AB5723}.Debug|ARM.ActiveCfg = Debug|Win32
		{4D3EE295-5953-498D-AEDF-9C8792AB5723}.Debug|ARM64.ActiveCfg = Debug|Win32
		{4D3EE295-5953-498D-AEDF-9C8792AB5723}.Debug|Win32.ActiveCfg = Debug|Win32
		{4D3EE295-5953-498D-AEDF-9C8792AB5723}.Debug|Win32.Build.0 = Debug|Win32
		{4D3EE295-5953-498D-AEDF-9C8792AB5723}.Debug|x64.ActiveCfg = Debug|Win32
		{4D3EE295-5953-498D-AEDF-9C8792AB5723}.No Trace|ARM.ActiveCfg = Release|Win32
		{4D3EE295-5953-498D-AEDF-9C8792AB5723}.No Trace|ARM.Build.0 = Release|Win32
		{4D3EE295-5953-498D-AEDF-9C8792AB5723}.No Trace|ARM64.ActiveCfg = Release|Win32
		{4D3EE295-5953-498D-AEDF-9C8792AB5723}.No Trace|ARM64.Build.0 = Release|Win32
		{4D3EE295-5953-498D-AEDF-9C8792AB5723}.No Trace|Win32.ActiveCfg = Release|Win32
		{4D3EE295-5953-498D-AEDF-9C8792AB5723}.No Trace|Win32.Build.0 = Release|Win32
		{4D3EE295-5953-498D-AEDF-9C8792AB5723}.No Trace|x64.ActiveCfg = Release|Win32
		{4D3EE295-5953-498D-AEDF-9C8792AB5723}.No Trace|x64.Build.0 = Release|Win32
		{4D3EE295-5953-498D-AEDF-9C8792AB5723}.Release|ARM.ActiveCfg = Release|Win32
		{4D3EE295-5953-498D-AEDF-9C8792AB5723}.Release|ARM64.ActiveCfg = Release|Win32
		{4D3EE295-5953-498D-AEDF-9C8792AB5723}.Release|Win32.ActiveCfg = Release|Win32
		{4D3EE295-5953-498D-AEDF-9C8792AB5723}.Release|Win32.Build.0 = Release|Win32
		{4D3EE295-5953-498D-AEDF-9C8792AB5723}.Release|x64.ActiveCfg = Release|Win32
	EndGlobalSection
	GlobalSection(SolutionProperties) = preSolution
		HideSolutionNode = FALSE
	EndGlobalSection
	GlobalSection(NestedProjects) = preSolution
		{4A1B92CB-CA8E-4511-A1D5-B0A322FDE67C} = {CED9EFE1-FB3B-40A5-8625-F975D9430094}
		{3C127609-B3A6-47FD-9B94-8FD2CB2D6623} = {EB1B2CBE-3C10-4E07-A651-FC1C18568AD3}
		{EB1B2CBE-3C10-4E07-A651-FC1C18568AD3} = {6A2D3D2B-7739-4E17-B81E-BEBEDADE43A4}
		{CED9EFE1-FB3B-40A5-8625-F975D9430094} = {6A2D3D2B-7739-4E17-B81E-BEBEDADE43A4}
		{4D3EE295-5953-498D-AEDF-9C8792AB5723} = {CED9EFE1-FB3B-40A5-8625-F975D9430094}
	EndGlobalSection
EndGlobal
